
Microsoft Visual Studio Solution File, Format Version 12.00
# Visual Studio Version 18
VisualStudioVersion = 18.6.11822.322 stable
MinimumVisualStudioVersion = 10.0.40219.1
Project("{FAE04EC0-301F-11D3-BF4B-00C04F79EFBC}") = "Smart_Home_Console_Remote", "Smart_Home_Console_Remote.csproj", "{0FA98FC8-2359-5B68-EEF2-49DBC71346A3}"
EndProject
Global
	GlobalSection(SolutionConfigurationPlatforms) = preSolution
		Debug|Any CPU = Debug|Any CPU
		Release|Any CPU = Release|Any CPU
	EndGlobalSection
	GlobalSection(ProjectConfigurationPlatforms) = postSolution
		{0FA98FC8-2359-5B68-EEF2-49DBC71346A3}.Debug|Any CPU.ActiveCfg = Debug|Any CPU
		{0FA98FC8-2359-5B68-EEF2-49DBC71346A3}.Debug|Any CPU.Build.0 = Debug|Any CPU
		{0FA98FC8-2359-5B68-EEF2-49DBC71346A3}.Release|Any CPU.ActiveCfg = Release|Any CPU
		{0FA98FC8-2359-5B68-EEF2-49DBC71346A3}.Release|Any CPU.Build.0 = Release|Any CPU
	EndGlobalSection
	GlobalSection(SolutionProperties) = preSolution
		HideSolutionNode = FALSE
	EndGlobalSection
	GlobalSection(ExtensibilityGlobals) = postSolution
		SolutionGuid = {E3478CF4-4D0A-4818-8DA9-41BBCDACF30C}
	EndGlobalSection
EndGlobal
